
Microsoft Visual Studio Solution File, Format Version 12.00
# Visual Studio Version 16
VisualStudioVersion = 16.0.29613.14
MinimumVisualStudioVersion = 10.0.40219.1
Project("{9A19103F-16F7-4668-BE54-9A1E7A4F7556}") = "GuitarLearning_AzureFunctions", "GuitarLearning_AzureFunctions\GuitarLearning_AzureFunctions.csproj", "{E50FDC4C-8549-43E7-A372-F869C675842C}"
EndProject
Project("{FAE04EC0-301F-11D3-BF4B-00C04F79EFBC}") = "GuitarLearning_Mobile.Android", "GuitarLearning_Mobile\GuitarLearning_Mobile.Android\GuitarLearning_Mobile.Android.csproj", "{DB65D3AB-5D29-4FA1-8885-7B39A94601D7}"
EndProject
Project("{9A19103F-16F7-4668-BE54-9A1E7A4F7556}") = "GuitarLearning_Mobile", "GuitarLearning_Mobile\GuitarLearning_Mobile\GuitarLearning_Mobile.csproj", "{149E89DC-865C-423A-A010-43A1D4946584}"
EndProject
Project("{9A19103F-16F7-4668-BE54-9A1E7A4F7556}") = "GuitarLearning_API", "GuitarLearning_API\GuitarLearning_API.csproj", "{EE9F3527-C61E-45DC-B307-1F707F7CEF09}"
EndProject
Project("{9A19103F-16F7-4668-BE54-9A1E7A4F7556}") = "GuitarLearning_TestClient", "GuitarLearning_TestClient\GuitarLearning_TestClient.csproj", "{91FEE576-B3A3-4873-8103-4707C0AE85BC}"
EndProject
Project("{FAE04EC0-301F-11D3-BF4B-00C04F79EFBC}") = "GuitarLearning_Essentials", "GuitarLearning_Essentials\GuitarLearning_Essentials.csproj", "{A2EC115A-69B2-4FB4-B99E-935C580615C1}"
EndProject
Global
	GlobalSection(SolutionConfigurationPlatforms) = preSolution
		Debug|Any CPU = Debug|Any CPU
		Debug|x86 = Debug|x86
		Release|Any CPU = Release|Any CPU
		Release|x86 = Release|x86
	EndGlobalSection
	GlobalSection(ProjectConfigurationPlatforms) = postSolution
		{E50FDC4C-8549-43E7-A372-F869C675842C}.Debug|Any CPU.ActiveCfg = Debug|Any CPU
		{E50FDC4C-8549-43E7-A372-F869C675842C}.Debug|Any CPU.Build.0 = Debug|Any CPU
		{E50FDC4C-8549-43E7-A372-F869C675842C}.Debug|x86.ActiveCfg = Debug|x86
		{E50FDC4C-8549-43E7-A372-F869C675842C}.Debug|x86.Build.0 = Debug|x86
		{E50FDC4C-8549-43E7-A372-F869C675842C}.Release|Any CPU.ActiveCfg = Release|Any CPU
		{E50FDC4C-8549-43E7-A372-F869C675842C}.Release|Any CPU.Build.0 = Release|Any CPU
		{E50FDC4C-8549-43E7-A372-F869C675842C}.Release|x86.ActiveCfg = Release|x86
		{E50FDC4C-8549-43E7-A372-F869C675842C}.Release|x86.Build.0 = Release|x86
		{DB65D3AB-5D29-4FA1-8885-7B39A94601D7}.Debug|Any CPU.ActiveCfg = Debug|Any CPU
		{DB65D3AB-5D29-4FA1-8885-7B39A94601D7}.Debug|Any CPU.Build.0 = Debug|Any CPU
		{DB65D3AB-5D29-4FA1-8885-7B39A94601D7}.Debug|Any CPU.Deploy.0 = Debug|Any CPU
		{DB65D3AB-5D29-4FA1-8885-7B39A94601D7}.Debug|x86.ActiveCfg = Debug|Any CPU
		{DB65D3AB-5D29-4FA1-8885-7B39A94601D7}.Debug|x86.Build.0 = Debug|Any CPU
		{DB65D3AB-5D29-4FA1-8885-7B39A94601D7}.Debug|x86.Deploy.0 = Debug|Any CPU
		{DB65D3AB-5D29-4FA1-8885-7B39A94601D7}.Release|Any CPU.ActiveCfg = Release|Any CPU
		{DB65D3AB-5D29-4FA1-8885-7B39A94601D7}.Release|Any CPU.Build.0 = Release|Any CPU
		{DB65D3AB-5D29-4FA1-8885-7B39A94601D7}.Release|Any CPU.Deploy.0 = Release|Any CPU
		{DB65D3AB-5D29-4FA1-8885-7B39A94601D7}.Release|x86.ActiveCfg = Release|Any CPU
		{DB65D3AB-5D29-4FA1-8885-7B39A94601D7}.Release|x86.Build.0 = Release|Any CPU
		{DB65D3AB-5D29-4FA1-8885-7B39A94601D7}.Release|x86.Deploy.0 = Release|Any CPU
		{149E89DC-865C-423A-A010-43A1D4946584}.Debug|Any CPU.ActiveCfg = Debug|Any CPU
		{149E89DC-865C-423A-A010-43A1D4946584}.Debug|Any CPU.Build.0 = Debug|Any CPU
		{149E89DC-865C-423A-A010-43A1D4946584}.Debug|x86.ActiveCfg = Debug|Any CPU
		{149E89DC-865C-423A-A010-43A1D4946584}.Debug|x86.Build.0 = Debug|Any CPU
		{149E89DC-865C-423A-A010-43A1D4946584}.Release|Any CPU.ActiveCfg = Release|Any CPU
		{149E89DC-865C-423A-A010-43A1D4946584}.Release|Any CPU.Build.0 = Release|Any CPU
		{149E89DC-865C-423A-A010-43A1D4946584}.Release|x86.ActiveCfg = Release|Any CPU
		{149E89DC-865C-423A-A010-43A1D4946584}.Release|x86.Build.0 = Release|Any CPU
		{EE9F3527-C61E-45DC-B307-1F707F7CEF09}.Debug|Any CPU.ActiveCfg = Debug|x86
		{EE9F3527-C61E-45DC-B307-1F707F7CEF09}.Debug|Any CPU.Build.0 = Debug|x86
		{EE9F3527-C61E-45DC-B307-1F707F7CEF09}.Debug|x86.ActiveCfg = Debug|x86
		{EE9F3527-C61E-45DC-B307-1F707F7CEF09}.Debug|x86.Build.0 = Debug|x86
		{EE9F3527-C61E-45DC-B307-1F707F7CEF09}.Release|Any CPU.ActiveCfg = Release|Any CPU
		{EE9F3527-C61E-45DC-B307-1F707F7CEF09}.Release|Any CPU.Build.0 = Release|Any CPU
		{EE9F3527-C61E-45DC-B307-1F707F7CEF09}.Release|x86.ActiveCfg = Release|Any CPU
		{EE9F3527-C61E-45DC-B307-1F707F7CEF09}.Release|x86.Build.0 = Release|Any CPU
		{91FEE576-B3A3-4873-8103-4707C0AE85BC}.Debug|Any CPU.ActiveCfg = Debug|Any CPU
		{91FEE576-B3A3-4873-8103-4707C0AE85BC}.Debug|Any CPU.Build.0 = Debug|Any CPU
		{91FEE576-B3A3-4873-8103-4707C0AE85BC}.Debug|x86.ActiveCfg = Debug|Any CPU
		{91FEE576-B3A3-4873-8103-4707C0AE85BC}.Debug|x86.Build.0 = Debug|Any CPU
		{91FEE576-B3A3-4873-8103-4707C0AE85BC}.Release|Any CPU.ActiveCfg = Release|Any CPU
		{91FEE576-B3A3-4873-8103-4707C0AE85BC}.Release|Any CPU.Build.0 = Release|Any CPU
		{91FEE576-B3A3-4873-8103-4707C0AE85BC}.Release|x86.ActiveCfg = Release|Any CPU
		{91FEE576-B3A3-4873-8103-4707C0AE85BC}.Release|x86.Build.0 = Release|Any CPU
		{A2EC115A-69B2-4FB4-B99E-935C580615C1}.Debug|Any CPU.ActiveCfg = Debug|Any CPU
		{A2EC115A-69B2-4FB4-B99E-935C580615C1}.Debug|Any CPU.Build.0 = Debug|Any CPU
		{A2EC115A-69B2-4FB4-B99E-935C580615C1}.Debug|x86.ActiveCfg = Debug|Any CPU
		{A2EC115A-69B2-4FB4-B99E-935C580615C1}.Debug|x86.Build.0 = Debug|Any CPU
		{A2EC115A-69B2-4FB4-B99E-935C580615C1}.Release|Any CPU.ActiveCfg = Release|Any CPU
		{A2EC115A-69B2-4FB4-B99E-935C580615C1}.Release|Any CPU.Build.0 = Release|Any CPU
		{A2EC115A-69B2-4FB4-B99E-935C580615C1}.Release|x86.ActiveCfg = Release|Any CPU
		{A2EC115A-69B2-4FB4-B99E-935C580615C1}.Release|x86.Build.0 = Release|Any CPU
	EndGlobalSection
	GlobalSection(SolutionProperties) = preSolution
		HideSolutionNode = FALSE
	EndGlobalSection
	GlobalSection(ExtensibilityGlobals) = postSolution
		SolutionGuid = {DC5252A8-200C-4744-A5E4-C0550B459C8C}
	EndGlobalSection
EndGlobal
